
Microsoft Visual Studio Solution File, Format Version 12.00
# Visual Studio Version 17
VisualStudioVersion = 17.13.35806.99 d17.13
MinimumVisualStudioVersion = 10.0.40219.1
Project("{F184B08F-C81C-45F6-A57F-5ABD9991F28F}") = "prueba 6_5", "prueba 6_5\prueba 6_5.vbproj", "{491F9E39-DFE7-42FC-8137-27252A5D12BF}"
EndProject
Global
	GlobalSection(SolutionConfigurationPlatforms) = preSolution
		Debug|Any CPU = Debug|Any CPU
		Release|Any CPU = Release|Any CPU
	EndGlobalSection
	GlobalSection(ProjectConfigurationPlatforms) = postSolution
		{491F9E39-DFE7-42FC-8137-27252A5D12BF}.Debug|Any CPU.ActiveCfg = Debug|Any CPU
		{491F9E39-DFE7-42FC-8137-27252A5D12BF}.Debug|Any CPU.Build.0 = Debug|Any CPU
		{491F9E39-DFE7-42FC-8137-27252A5D12BF}.Release|Any CPU.ActiveCfg = Release|Any CPU
		{491F9E39-DFE7-42FC-8137-27252A5D12BF}.Release|Any CPU.Build.0 = Release|Any CPU
	EndGlobalSection
	GlobalSection(SolutionProperties) = preSolution
		HideSolutionNode = FALSE
	EndGlobalSection
	GlobalSection(ExtensibilityGlobals) = postSolution
		SolutionGuid = {09B620E5-717A-4571-B06C-96B95300127C}
	EndGlobalSection
EndGlobal
