
Microsoft Visual Studio Solution File, Format Version 12.00
# Visual Studio Version 17
VisualStudioVersion = 17.13.35806.99 d17.13
MinimumVisualStudioVersion = 10.0.40219.1
Project("{F184B08F-C81C-45F6-A57F-5ABD9991F28F}") = "formApp1", "formApp1\formApp1.vbproj", "{7AE6A8F9-A0F5-4F37-A34C-F57B951531B6}"
EndProject
Global
	GlobalSection(SolutionConfigurationPlatforms) = preSolution
		Debug|Any CPU = Debug|Any CPU
		Release|Any CPU = Release|Any CPU
	EndGlobalSection
	GlobalSection(ProjectConfigurationPlatforms) = postSolution
		{7AE6A8F9-A0F5-4F37-A34C-F57B951531B6}.Debug|Any CPU.ActiveCfg = Debug|Any CPU
		{7AE6A8F9-A0F5-4F37-A34C-F57B951531B6}.Debug|Any CPU.Build.0 = Debug|Any CPU
		{7AE6A8F9-A0F5-4F37-A34C-F57B951531B6}.Release|Any CPU.ActiveCfg = Release|Any CPU
		{7AE6A8F9-A0F5-4F37-A34C-F57B951531B6}.Release|Any CPU.Build.0 = Release|Any CPU
	EndGlobalSection
	GlobalSection(SolutionProperties) = preSolution
		HideSolutionNode = FALSE
	EndGlobalSection
	GlobalSection(ExtensibilityGlobals) = postSolution
		SolutionGuid = {3F905631-9969-45D7-A415-3AEDDAE1766B}
	EndGlobalSection
EndGlobal
